// !$*UTF8*$!
{
	archiveVersion = 1;
	classes = {
	};
	objectVersion = 50;
	objects = {

/* Begin PBXBuildFile section */
		E42C14D1256F2E1100A15068 /* codesquad.csv in Resources */ = {isa = PBXBuildFile; fileRef = E42C14D0256F2E1100A15068 /* codesquad.csv */; };
		E4F485E4256E01A4003D6A59 /* AppDelegate.swift in Sources */ = {isa = PBXBuildFile; fileRef = E4F485E3256E01A4003D6A59 /* AppDelegate.swift */; };
		E4F485E6256E01A4003D6A59 /* SceneDelegate.swift in Sources */ = {isa = PBXBuildFile; fileRef = E4F485E5256E01A4003D6A59 /* SceneDelegate.swift */; };
		E4F485E8256E01A4003D6A59 /* CSVFileViewController.swift in Sources */ = {isa = PBXBuildFile; fileRef = E4F485E7256E01A4003D6A59 /* CSVFileViewController.swift */; };
		E4F485EB256E01A4003D6A59 /* Main.storyboard in Resources */ = {isa = PBXBuildFile; fileRef = E4F485E9256E01A4003D6A59 /* Main.storyboard */; };
		E4F485ED256E01A5003D6A59 /* Assets.xcassets in Resources */ = {isa = PBXBuildFile; fileRef = E4F485EC256E01A5003D6A59 /* Assets.xcassets */; };
		E4F485F0256E01A5003D6A59 /* LaunchScreen.storyboard in Resources */ = {isa = PBXBuildFile; fileRef = E4F485EE256E01A5003D6A59 /* LaunchScreen.storyboard */; };
		E4F485F9256E01B0003D6A59 /* CSVFile.swift in Sources */ = {isa = PBXBuildFile; fileRef = E4F485F8256E01B0003D6A59 /* CSVFile.swift */; };
		E4F48600256E227F003D6A59 /* FileSystemExplorerViewController.swift in Sources */ = {isa = PBXBuildFile; fileRef = E4F485FF256E227F003D6A59 /* FileSystemExplorerViewController.swift */; };
		E4F48603256E22A2003D6A59 /* FileSystemExplorer.swift in Sources */ = {isa = PBXBuildFile; fileRef = E4F48602256E22A2003D6A59 /* FileSystemExplorer.swift */; };
		E4F4860C256E30BB003D6A59 /* Multithreading.swift in Sources */ = {isa = PBXBuildFile; fileRef = E4F4860B256E30BB003D6A59 /* Multithreading.swift */; };
		E4F48614256E314B003D6A59 /* bookfile.txt in Resources */ = {isa = PBXBuildFile; fileRef = E4F48613256E314B003D6A59 /* bookfile.txt */; };
		E4F48617256E4BC0003D6A59 /* MultithreadingViewController.swift in Sources */ = {isa = PBXBuildFile; fileRef = E4F4860E256E30D6003D6A59 /* MultithreadingViewController.swift */; };
/* End PBXBuildFile section */

/* Begin PBXFileReference section */
		E42C14D0256F2E1100A15068 /* codesquad.csv */ = {isa = PBXFileReference; fileEncoding = 4; lastKnownFileType = text; path = codesquad.csv; sourceTree = "<group>"; };
		E4F485E0256E01A4003D6A59 /* Week4-WedPractice.app */ = {isa = PBXFileReference; explicitFileType = wrapper.application; includeInIndex = 0; path = "Week4-WedPractice.app"; sourceTree = BUILT_PRODUCTS_DIR; };
		E4F485E3256E01A4003D6A59 /* AppDelegate.swift */ = {isa = PBXFileReference; lastKnownFileType = sourcecode.swift; path = AppDelegate.swift; sourceTree = "<group>"; };
		E4F485E5256E01A4003D6A59 /* SceneDelegate.swift */ = {isa = PBXFileReference; lastKnownFileType = sourcecode.swift; path = SceneDelegate.swift; sourceTree = "<group>"; };
		E4F485E7256E01A4003D6A59 /* CSVFileViewController.swift */ = {isa = PBXFileReference; lastKnownFileType = sourcecode.swift; path = CSVFileViewController.swift; sourceTree = "<group>"; };
		E4F485EA256E01A4003D6A59 /* Base */ = {isa = PBXFileReference; lastKnownFileType = file.storyboard; name = Base; path = Base.lproj/Main.storyboard; sourceTree = "<group>"; };
		E4F485EC256E01A5003D6A59 /* Assets.xcassets */ = {isa = PBXFileReference; lastKnownFileType = folder.assetcatalog; path = Assets.xcassets; sourceTree = "<group>"; };
		E4F485EF256E01A5003D6A59 /* Base */ = {isa = PBXFileReference; lastKnownFileType = file.storyboard; name = Base; path = Base.lproj/LaunchScreen.storyboard; sourceTree = "<group>"; };
		E4F485F1256E01A5003D6A59 /* Info.plist */ = {isa = PBXFileReference; lastKnownFileType = text.plist.xml; path = Info.plist; sourceTree = "<group>"; };
		E4F485F8256E01B0003D6A59 /* CSVFile.swift */ = {isa = PBXFileReference; lastKnownFileType = sourcecode.swift; path = CSVFile.swift; sourceTree = "<group>"; };
		E4F485FF256E227F003D6A59 /* FileSystemExplorerViewController.swift */ = {isa = PBXFileReference; lastKnownFileType = sourcecode.swift; path = FileSystemExplorerViewController.swift; sourceTree = "<group>"; };
		E4F48602256E22A2003D6A59 /* FileSystemExplorer.swift */ = {isa = PBXFileReference; lastKnownFileType = sourcecode.swift; path = FileSystemExplorer.swift; sourceTree = "<group>"; };
		E4F4860B256E30BB003D6A59 /* Multithreading.swift */ = {isa = PBXFileReference; lastKnownFileType = sourcecode.swift; path = Multithreading.swift; sourceTree = "<group>"; };
		E4F4860E256E30D6003D6A59 /* MultithreadingViewController.swift */ = {isa = PBXFileReference; lastKnownFileType = sourcecode.swift; path = MultithreadingViewController.swift; sourceTree = "<group>"; };
		E4F48613256E314B003D6A59 /* bookfile.txt */ = {isa = PBXFileReference; fileEncoding = 4; lastKnownFileType = text; path = bookfile.txt; sourceTree = "<group>"; };
/* End PBXFileReference section */

/* Begin PBXFrameworksBuildPhase section */
		E4F485DD256E01A4003D6A59 /* Frameworks */ = {
			isa = PBXFrameworksBuildPhase;
			buildActionMask = 2147483647;
			files = (
			);
			runOnlyForDeploymentPostprocessing = 0;
		};
/* End PBXFrameworksBuildPhase section */

/* Begin PBXGroup section */
		E4F485D7256E01A4003D6A59 = {
			isa = PBXGroup;
			children = (
				E4F485E2256E01A4003D6A59 /* Week4-WedPractice */,
				E4F485E1256E01A4003D6A59 /* Products */,
			);
			sourceTree = "<group>";
		};
		E4F485E1256E01A4003D6A59 /* Products */ = {
			isa = PBXGroup;
			children = (
				E4F485E0256E01A4003D6A59 /* Week4-WedPractice.app */,
			);
			name = Products;
			sourceTree = "<group>";
		};
		E4F485E2256E01A4003D6A59 /* Week4-WedPractice */ = {
			isa = PBXGroup;
			children = (
				E4F485E3256E01A4003D6A59 /* AppDelegate.swift */,
				E4F485E5256E01A4003D6A59 /* SceneDelegate.swift */,
				E4F48608256E2FF6003D6A59 /* FileSystemExplorer */,
				E4F48606256E2FED003D6A59 /* CSVFile */,
				E4F48611256E30DF003D6A59 /* Multithreading */,
				E4F485E9256E01A4003D6A59 /* Main.storyboard */,
				E4F485EC256E01A5003D6A59 /* Assets.xcassets */,
				E4F485EE256E01A5003D6A59 /* LaunchScreen.storyboard */,
				E4F485F1256E01A5003D6A59 /* Info.plist */,
			);
			path = "Week4-WedPractice";
			sourceTree = "<group>";
		};
		E4F48606256E2FED003D6A59 /* CSVFile */ = {
			isa = PBXGroup;
			children = (
				E4F485E7256E01A4003D6A59 /* CSVFileViewController.swift */,
				E4F485F8256E01B0003D6A59 /* CSVFile.swift */,
				E42C14D0256F2E1100A15068 /* codesquad.csv */,
			);
			path = CSVFile;
			sourceTree = "<group>";
		};
		E4F48608256E2FF6003D6A59 /* FileSystemExplorer */ = {
			isa = PBXGroup;
			children = (
				E4F485FF256E227F003D6A59 /* FileSystemExplorerViewController.swift */,
				E4F48602256E22A2003D6A59 /* FileSystemExplorer.swift */,
			);
			path = FileSystemExplorer;
			sourceTree = "<group>";
		};
		E4F48611256E30DF003D6A59 /* Multithreading */ = {
			isa = PBXGroup;
			children = (
				E4F4860E256E30D6003D6A59 /* MultithreadingViewController.swift */,
				E4F4860B256E30BB003D6A59 /* Multithreading.swift */,
				E4F48613256E314B003D6A59 /* bookfile.txt */,
			);
			path = Multithreading;
			sourceTree = "<group>";
		};
/* End PBXGroup section */

/* Begin PBXNativeTarget section */
		E4F485DF256E01A4003D6A59 /* Week4-WedPractice */ = {
			isa = PBXNativeTarget;
			buildConfigurationList = E4F485F4256E01A5003D6A59 /* Build configuration list for PBXNativeTarget "Week4-WedPractice" */;
			buildPhases = (
				E4F485DC256E01A4003D6A59 /* Sources */,
				E4F485DD256E01A4003D6A59 /* Frameworks */,
				E4F485DE256E01A4003D6A59 /* Resources */,
			);
			buildRules = (
			);
			dependencies = (
			);
			name = "Week4-WedPractice";
			productName = "Week4-WedPractice";
			productReference = E4F485E0256E01A4003D6A59 /* Week4-WedPractice.app */;
			productType = "com.apple.product-type.application";
		};
/* End PBXNativeTarget section */

/* Begin PBXProject section */
		E4F485D8256E01A4003D6A59 /* Project object */ = {
			isa = PBXProject;
			attributes = {
				LastSwiftUpdateCheck = 1220;
				LastUpgradeCheck = 1220;
				TargetAttributes = {
					E4F485DF256E01A4003D6A59 = {
						CreatedOnToolsVersion = 12.2;
					};
				};
			};
			buildConfigurationList = E4F485DB256E01A4003D6A59 /* Build configuration list for PBXProject "Week4-WedPractice" */;
			compatibilityVersion = "Xcode 9.3";
			developmentRegion = en;
			hasScannedForEncodings = 0;
			knownRegions = (
				en,
				Base,
			);
			mainGroup = E4F485D7256E01A4003D6A59;
			productRefGroup = E4F485E1256E01A4003D6A59 /* Products */;
			projectDirPath = "";
			projectRoot = "";
			targets = (
				E4F485DF256E01A4003D6A59 /* Week4-WedPractice */,
			);
		};
/* End PBXProject section */

/* Begin PBXResourcesBuildPhase section */
		E4F485DE256E01A4003D6A59 /* Resources */ = {
			isa = PBXResourcesBuildPhase;
			buildActionMask = 2147483647;
			files = (
				E4F485F0256E01A5003D6A59 /* LaunchScreen.storyboard in Resources */,
				E42C14D1256F2E1100A15068 /* codesquad.csv in Resources */,
				E4F48614256E314B003D6A59 /* bookfile.txt in Resources */,
				E4F485ED256E01A5003D6A59 /* Assets.xcassets in Resources */,
				E4F485EB256E01A4003D6A59 /* Main.storyboard in Resources */,
			);
			runOnlyForDeploymentPostprocessing = 0;
		};
/* End PBXResourcesBuildPhase section */

/* Begin PBXSourcesBuildPhase section */
		E4F485DC256E01A4003D6A59 /* Sources */ = {
			isa = PBXSourcesBuildPhase;
			buildActionMask = 2147483647;
			files = (
				E4F485F9256E01B0003D6A59 /* CSVFile.swift in Sources */,
				E4F48617256E4BC0003D6A59 /* MultithreadingViewController.swift in Sources */,
				E4F48600256E227F003D6A59 /* FileSystemExplorerViewController.swift in Sources */,
				E4F485E8256E01A4003D6A59 /* CSVFileViewController.swift in Sources */,
				E4F48603256E22A2003D6A59 /* FileSystemExplorer.swift in Sources */,
				E4F485E4256E01A4003D6A59 /* AppDelegate.swift in Sources */,
				E4F485E6256E01A4003D6A59 /* SceneDelegate.swift in Sources */,
				E4F4860C256E30BB003D6A59 /* Multithreading.swift in Sources */,
			);
			runOnlyForDeploymentPostprocessing = 0;
		};
/* End PBXSourcesBuildPhase section */

/* Begin PBXVariantGroup section */
		E4F485E9256E01A4003D6A59 /* Main.storyboard */ = {
			isa = PBXVariantGroup;
			children = (
				E4F485EA256E01A4003D6A59 /* Base */,
			);
			name = Main.storyboard;
			sourceTree = "<group>";
		};
		E4F485EE256E01A5003D6A59 /* LaunchScreen.storyboard */ = {
			isa = PBXVariantGroup;
			children = (
				E4F485EF256E01A5003D6A59 /* Base */,
			);
			name = LaunchScreen.storyboard;
			sourceTree = "<group>";
		};
/* End PBXVariantGroup section */

/* Begin XCBuildConfiguration section */
		E4F485F2256E01A5003D6A59 /* Debug */ = {
			isa = XCBuildConfiguration;
			buildSettings = {
				ALWAYS_SEARCH_USER_PATHS = NO;
				CLANG_ANALYZER_NONNULL = YES;
				CLANG_ANALYZER_NUMBER_OBJECT_CONVERSION = YES_AGGRESSIVE;
				CLANG_CXX_LANGUAGE_STANDARD = "gnu++14";
				CLANG_CXX_LIBRARY = "libc++";
				CLANG_ENABLE_MODULES = YES;
				CLANG_ENABLE_OBJC_ARC = YES;
				CLANG_ENABLE_OBJC_WEAK = YES;
				CLANG_WARN_BLOCK_CAPTURE_AUTORELEASING = YES;
				CLANG_WARN_BOOL_CONVERSION = YES;
				CLANG_WARN_COMMA = YES;
				CLANG_WARN_CONSTANT_CONVERSION = YES;
				CLANG_WARN_DEPRECATED_OBJC_IMPLEMENTATIONS = YES;
				CLANG_WARN_DIRECT_OBJC_ISA_USAGE = YES_ERROR;
				CLANG_WARN_DOCUMENTATION_COMMENTS = YES;
				CLANG_WARN_EMPTY_BODY = YES;
				CLANG_WARN_ENUM_CONVERSION = YES;
				CLANG_WARN_INFINITE_RECURSION = YES;
				CLANG_WARN_INT_CONVERSION = YES;
				CLANG_WARN_NON_LITERAL_NULL_CONVERSION = YES;
				CLANG_WARN_OBJC_IMPLICIT_RETAIN_SELF = YES;
				CLANG_WARN_OBJC_LITERAL_CONVERSION = YES;
				CLANG_WARN_OBJC_ROOT_CLASS = YES_ERROR;
				CLANG_WARN_QUOTED_INCLUDE_IN_FRAMEWORK_HEADER = YES;
				CLANG_WARN_RANGE_LOOP_ANALYSIS = YES;
				CLANG_WARN_STRICT_PROTOTYPES = YES;
				CLANG_WARN_SUSPICIOUS_MOVE = YES;
				CLANG_WARN_UNGUARDED_AVAILABILITY = YES_AGGRESSIVE;
				CLANG_WARN_UNREACHABLE_CODE = YES;
				CLANG_WARN__DUPLICATE_METHOD_MATCH = YES;
				COPY_PHASE_STRIP = NO;
				DEBUG_INFORMATION_FORMAT = dwarf;
				ENABLE_STRICT_OBJC_MSGSEND = YES;
				ENABLE_TESTABILITY = YES;
				GCC_C_LANGUAGE_STANDARD = gnu11;
				GCC_DYNAMIC_NO_PIC = NO;
				GCC_NO_COMMON_BLOCKS = YES;
				GCC_OPTIMIZATION_LEVEL = 0;
				GCC_PREPROCESSOR_DEFINITIONS = (
					"DEBUG=1",
					"$(inherited)",
				);
				GCC_WARN_64_TO_32_BIT_CONVERSION = YES;
				GCC_WARN_ABOUT_RETURN_TYPE = YES_ERROR;
				GCC_WARN_UNDECLARED_SELECTOR = YES;
				GCC_WARN_UNINITIALIZED_AUTOS = YES_AGGRESSIVE;
				GCC_WARN_UNUSED_FUNCTION = YES;
				GCC_WARN_UNUSED_VARIABLE = YES;
				IPHONEOS_DEPLOYMENT_TARGET = 14.2;
				MTL_ENABLE_DEBUG_INFO = INCLUDE_SOURCE;
				MTL_FAST_MATH = YES;
				ONLY_ACTIVE_ARCH = YES;
				SDKROOT = iphoneos;
				SWIFT_ACTIVE_COMPILATION_CONDITIONS = DEBUG;
				SWIFT_OPTIMIZATION_LEVEL = "-Onone";
			};
			name = Debug;
		};
		E4F485F3256E01A5003D6A59 /* Release */ = {
			isa = XCBuildConfiguration;
			buildSettings = {
				ALWAYS_SEARCH_USER_PATHS = NO;
				CLANG_ANALYZER_NONNULL = YES;
				CLANG_ANALYZER_NUMBER_OBJECT_CONVERSION = YES_AGGRESSIVE;
				CLANG_CXX_LANGUAGE_STANDARD = "gnu++14";
				CLANG_CXX_LIBRARY = "libc++";
				CLANG_ENABLE_MODULES = YES;
				CLANG_ENABLE_OBJC_ARC = YES;
				CLANG_ENABLE_OBJC_WEAK = YES;
				CLANG_WARN_BLOCK_CAPTURE_AUTORELEASING = YES;
				CLANG_WARN_BOOL_CONVERSION = YES;
				CLANG_WARN_COMMA = YES;
				CLANG_WARN_CONSTANT_CONVERSION = YES;
				CLANG_WARN_DEPRECATED_OBJC_IMPLEMENTATIONS = YES;
				CLANG_WARN_DIRECT_OBJC_ISA_USAGE = YES_ERROR;
				CLANG_WARN_DOCUMENTATION_COMMENTS = YES;
				CLANG_WARN_EMPTY_BODY = YES;
				CLANG_WARN_ENUM_CONVERSION = YES;
				CLANG_WARN_INFINITE_RECURSION = YES;
				CLANG_WARN_INT_CONVERSION = YES;
				CLANG_WARN_NON_LITERAL_NULL_CONVERSION = YES;
				CLANG_WARN_OBJC_IMPLICIT_RETAIN_SELF = YES;
				CLANG_WARN_OBJC_LITERAL_CONVERSION = YES;
				CLANG_WARN_OBJC_ROOT_CLASS = YES_ERROR;
				CLANG_WARN_QUOTED_INCLUDE_IN_FRAMEWORK_HEADER = YES;
				CLANG_WARN_RANGE_LOOP_ANALYSIS = YES;
				CLANG_WARN_STRICT_PROTOTYPES = YES;
				CLANG_WARN_SUSPICIOUS_MOVE = YES;
				CLANG_WARN_UNGUARDED_AVAILABILITY = YES_AGGRESSIVE;
				CLANG_WARN_UNREACHABLE_CODE = YES;
				CLANG_WARN__DUPLICATE_METHOD_MATCH = YES;
				COPY_PHASE_STRIP = NO;
				DEBUG_INFORMATION_FORMAT = "dwarf-with-dsym";
				ENABLE_NS_ASSERTIONS = NO;
				ENABLE_STRICT_OBJC_MSGSEND = YES;
				GCC_C_LANGUAGE_STANDARD = gnu11;
				GCC_NO_COMMON_BLOCKS = YES;
				GCC_WARN_64_TO_32_BIT_CONVERSION = YES;
				GCC_WARN_ABOUT_RETURN_TYPE = YES_ERROR;
				GCC_WARN_UNDECLARED_SELECTOR = YES;
				GCC_WARN_UNINITIALIZED_AUTOS = YES_AGGRESSIVE;
				GCC_WARN_UNUSED_FUNCTION = YES;
				GCC_WARN_UNUSED_VARIABLE = YES;
				IPHONEOS_DEPLOYMENT_TARGET = 14.2;
				MTL_ENABLE_DEBUG_INFO = NO;
				MTL_FAST_MATH = YES;
				SDKROOT = iphoneos;
				SWIFT_COMPILATION_MODE = wholemodule;
				SWIFT_OPTIMIZATION_LEVEL = "-O";
				VALIDATE_PRODUCT = YES;
			};
			name = Release;
		};
		E4F485F5256E01A5003D6A59 /* Debug */ = {
			isa = XCBuildConfiguration;
			buildSettings = {
				ASSETCATALOG_COMPILER_APPICON_NAME = AppIcon;
				ASSETCATALOG_COMPILER_GLOBAL_ACCENT_COLOR_NAME = AccentColor;
				CODE_SIGN_STYLE = Automatic;
				DEVELOPMENT_TEAM = 5M27T5LV4H;
				INFOPLIST_FILE = "Week4-WedPractice/Info.plist";
				LD_RUNPATH_SEARCH_PATHS = (
					"$(inherited)",
					"@executable_path/Frameworks",
				);
				PRODUCT_BUNDLE_IDENTIFIER = "com.song.Week4-WedPractice";
				PRODUCT_NAME = "$(TARGET_NAME)";
				SWIFT_VERSION = 5.0;
				TARGETED_DEVICE_FAMILY = "1,2";
			};
			name = Debug;
		};
		E4F485F6256E01A5003D6A59 /* Release */ = {
			isa = XCBuildConfiguration;
			buildSettings = {
				ASSETCATALOG_COMPILER_APPICON_NAME = AppIcon;
				ASSETCATALOG_COMPILER_GLOBAL_ACCENT_COLOR_NAME = AccentColor;
				CODE_SIGN_STYLE = Automatic;
				DEVELOPMENT_TEAM = 5M27T5LV4H;
				INFOPLIST_FILE = "Week4-WedPractice/Info.plist";
				LD_RUNPATH_SEARCH_PATHS = (
					"$(inherited)",
					"@executable_path/Frameworks",
				);
				PRODUCT_BUNDLE_IDENTIFIER = "com.song.Week4-WedPractice";
				PRODUCT_NAME = "$(TARGET_NAME)";
				SWIFT_VERSION = 5.0;
				TARGETED_DEVICE_FAMILY = "1,2";
			};
			name = Release;
		};
/* End XCBuildConfiguration section */

/* Begin XCConfigurationList section */
		E4F485DB256E01A4003D6A59 /* Build configuration list for PBXProject "Week4-WedPractice" */ = {
			isa = XCConfigurationList;
			buildConfigurations = (
				E4F485F2256E01A5003D6A59 /* Debug */,
				E4F485F3256E01A5003D6A59 /* Release */,
			);
			defaultConfigurationIsVisible = 0;
			defaultConfigurationName = Release;
		};
		E4F485F4256E01A5003D6A59 /* Build configuration list for PBXNativeTarget "Week4-WedPractice" */ = {
			isa = XCConfigurationList;
			buildConfigurations = (
				E4F485F5256E01A5003D6A59 /* Debug */,
				E4F485F6256E01A5003D6A59 /* Release */,
			);
			defaultConfigurationIsVisible = 0;
			defaultConfigurationName = Release;
		};
/* End XCConfigurationList section */
	};
	rootObject = E4F485D8256E01A4003D6A59 /* Project object */;
}
